
Microsoft Visual Studio Solution File, Format Version 12.00
# Visual Studio Version 16
VisualStudioVersion = 16.0.31205.134
MinimumVisualStudioVersion = 10.0.40219.1
Project("{2150E333-8FDC-42A3-9474-1A3956D46DE8}") = "Application", "Application", "{A0CBF435-DB47-4743-B84F-5BF18CFDBE71}"
EndProject
Project("{2150E333-8FDC-42A3-9474-1A3956D46DE8}") = "Service", "Service", "{89DFAAFC-DD72-486F-8F3C-667E0FD59463}"
EndProject
Project("{2150E333-8FDC-42A3-9474-1A3956D46DE8}") = "ThirdParty", "ThirdParty", "{A0D9966D-508A-4014-BD4E-248729F40B37}"
EndProject
Project("{9A19103F-16F7-4668-BE54-9A1E7A4F7556}") = "GameBaseServer", "Application\GameBaseServer\GameBaseServer.csproj", "{60B394FF-E16D-4F0C-8C0F-7B8638A3C91C}"
EndProject
Project("{9A19103F-16F7-4668-BE54-9A1E7A4F7556}") = "Service.Net", "Service\Service.Net\Service.Net.csproj", "{7ABF98C7-070F-422A-8558-4BD0CAE0AD2B}"
EndProject
Project("{9A19103F-16F7-4668-BE54-9A1E7A4F7556}") = "Service.Core", "Service\Service.Core\Service.Core.csproj", "{13495B15-9B8A-4925-8604-F3281D0602CD}"
EndProject
Project("{2150E333-8FDC-42A3-9474-1A3956D46DE8}") = "Template", "Template", "{988F560E-2992-4C63-848F-1BEA14EB3B63}"
EndProject
Project("{9A19103F-16F7-4668-BE54-9A1E7A4F7556}") = "GameBase", "Template\GameBase\GameBase\GameBase.csproj", "{42E73B46-052C-4DD6-B538-ED01B001161A}"
EndProject
Project("{2150E333-8FDC-42A3-9474-1A3956D46DE8}") = "Account", "Account", "{8DB12195-FAFF-499A-A1A9-815AAB03CD81}"
EndProject
Project("{9A19103F-16F7-4668-BE54-9A1E7A4F7556}") = "GameBaseAccount", "Template\Account\GameBaseAccount\GameBaseAccount.csproj", "{A5C9A424-FCED-4B4C-BA23-E26E6DF12367}"
EndProject
Project("{2150E333-8FDC-42A3-9474-1A3956D46DE8}") = "Internal", "Internal", "{21E2101F-AFB6-4AA7-9A88-D6FA4D8A55BF}"
EndProject
Project("{9A19103F-16F7-4668-BE54-9A1E7A4F7556}") = "GameBaseInternal", "Template\Internal\GameBaseInternal\GameBaseInternal.csproj", "{12798D1D-5F77-455F-83F6-82339507EFBB}"
EndProject
Project("{9A19103F-16F7-4668-BE54-9A1E7A4F7556}") = "Service.Net.Game", "Service\Service.Net.Game\Service.Net.Game.csproj", "{B8201DA0-ED14-40D0-BE56-C1E22098092A}"
EndProject
Project("{9A19103F-16F7-4668-BE54-9A1E7A4F7556}") = "Service.Net.Login", "Service\Service.Net.Login\Service.Net.Login.csproj", "{FEF0FE61-DC58-4108-8BFD-BEDEC1A6FDFA}"
EndProject
Project("{9A19103F-16F7-4668-BE54-9A1E7A4F7556}") = "Service.Net.Master", "Service\Service.Net.Master\Service.Net.Master.csproj", "{CD498378-920B-42C5-9754-E9A03BFDD6EE}"
EndProject
Project("{FAE04EC0-301F-11D3-BF4B-00C04F79EFBC}") = "Service.DB", "Service\Service.DB\Service.DB.csproj", "{91E63650-0214-45F1-832B-8DDE4323C389}"
EndProject
Global
	GlobalSection(SolutionConfigurationPlatforms) = preSolution
		Debug|Any CPU = Debug|Any CPU
		Release|Any CPU = Release|Any CPU
	EndGlobalSection
	GlobalSection(ProjectConfigurationPlatforms) = postSolution
		{60B394FF-E16D-4F0C-8C0F-7B8638A3C91C}.Debug|Any CPU.ActiveCfg = Debug|Any CPU
		{60B394FF-E16D-4F0C-8C0F-7B8638A3C91C}.Debug|Any CPU.Build.0 = Debug|Any CPU
		{60B394FF-E16D-4F0C-8C0F-7B8638A3C91C}.Release|Any CPU.ActiveCfg = Release|Any CPU
		{60B394FF-E16D-4F0C-8C0F-7B8638A3C91C}.Release|Any CPU.Build.0 = Release|Any CPU
		{7ABF98C7-070F-422A-8558-4BD0CAE0AD2B}.Debug|Any CPU.ActiveCfg = Debug|Any CPU
		{7ABF98C7-070F-422A-8558-4BD0CAE0AD2B}.Debug|Any CPU.Build.0 = Debug|Any CPU
		{7ABF98C7-070F-422A-8558-4BD0CAE0AD2B}.Release|Any CPU.ActiveCfg = Release|Any CPU
		{7ABF98C7-070F-422A-8558-4BD0CAE0AD2B}.Release|Any CPU.Build.0 = Release|Any CPU
		{13495B15-9B8A-4925-8604-F3281D0602CD}.Debug|Any CPU.ActiveCfg = Debug|Any CPU
		{13495B15-9B8A-4925-8604-F3281D0602CD}.Debug|Any CPU.Build.0 = Debug|Any CPU
		{13495B15-9B8A-4925-8604-F3281D0602CD}.Release|Any CPU.ActiveCfg = Release|Any CPU
		{13495B15-9B8A-4925-8604-F3281D0602CD}.Release|Any CPU.Build.0 = Release|Any CPU
		{42E73B46-052C-4DD6-B538-ED01B001161A}.Debug|Any CPU.ActiveCfg = Debug|Any CPU
		{42E73B46-052C-4DD6-B538-ED01B001161A}.Debug|Any CPU.Build.0 = Debug|Any CPU
		{42E73B46-052C-4DD6-B538-ED01B001161A}.Release|Any CPU.ActiveCfg = Release|Any CPU
		{42E73B46-052C-4DD6-B538-ED01B001161A}.Release|Any CPU.Build.0 = Release|Any CPU
		{A5C9A424-FCED-4B4C-BA23-E26E6DF12367}.Debug|Any CPU.ActiveCfg = Debug|Any CPU
		{A5C9A424-FCED-4B4C-BA23-E26E6DF12367}.Debug|Any CPU.Build.0 = Debug|Any CPU
		{A5C9A424-FCED-4B4C-BA23-E26E6DF12367}.Release|Any CPU.ActiveCfg = Release|Any CPU
		{A5C9A424-FCED-4B4C-BA23-E26E6DF12367}.Release|Any CPU.Build.0 = Release|Any CPU
		{12798D1D-5F77-455F-83F6-82339507EFBB}.Debug|Any CPU.ActiveCfg = Debug|Any CPU
		{12798D1D-5F77-455F-83F6-82339507EFBB}.Debug|Any CPU.Build.0 = Debug|Any CPU
		{12798D1D-5F77-455F-83F6-82339507EFBB}.Release|Any CPU.ActiveCfg = Release|Any CPU
		{12798D1D-5F77-455F-83F6-82339507EFBB}.Release|Any CPU.Build.0 = Release|Any CPU
		{B8201DA0-ED14-40D0-BE56-C1E22098092A}.Debug|Any CPU.ActiveCfg = Debug|Any CPU
		{B8201DA0-ED14-40D0-BE56-C1E22098092A}.Debug|Any CPU.Build.0 = Debug|Any CPU
		{B8201DA0-ED14-40D0-BE56-C1E22098092A}.Release|Any CPU.ActiveCfg = Release|Any CPU
		{B8201DA0-ED14-40D0-BE56-C1E22098092A}.Release|Any CPU.Build.0 = Release|Any CPU
		{FEF0FE61-DC58-4108-8BFD-BEDEC1A6FDFA}.Debug|Any CPU.ActiveCfg = Debug|Any CPU
		{FEF0FE61-DC58-4108-8BFD-BEDEC1A6FDFA}.Debug|Any CPU.Build.0 = Debug|Any CPU
		{FEF0FE61-DC58-4108-8BFD-BEDEC1A6FDFA}.Release|Any CPU.ActiveCfg = Release|Any CPU
		{FEF0FE61-DC58-4108-8BFD-BEDEC1A6FDFA}.Release|Any CPU.Build.0 = Release|Any CPU
		{CD498378-920B-42C5-9754-E9A03BFDD6EE}.Debug|Any CPU.ActiveCfg = Debug|Any CPU
		{CD498378-920B-42C5-9754-E9A03BFDD6EE}.Debug|Any CPU.Build.0 = Debug|Any CPU
		{CD498378-920B-42C5-9754-E9A03BFDD6EE}.Release|Any CPU.ActiveCfg = Release|Any CPU
		{CD498378-920B-42C5-9754-E9A03BFDD6EE}.Release|Any CPU.Build.0 = Release|Any CPU
		{91E63650-0214-45F1-832B-8DDE4323C389}.Debug|Any CPU.ActiveCfg = Debug|Any CPU
		{91E63650-0214-45F1-832B-8DDE4323C389}.Debug|Any CPU.Build.0 = Debug|Any CPU
		{91E63650-0214-45F1-832B-8DDE4323C389}.Release|Any CPU.ActiveCfg = Release|Any CPU
		{91E63650-0214-45F1-832B-8DDE4323C389}.Release|Any CPU.Build.0 = Release|Any CPU
	EndGlobalSection
	GlobalSection(SolutionProperties) = preSolution
		HideSolutionNode = FALSE
	EndGlobalSection
	GlobalSection(NestedProjects) = preSolution
		{60B394FF-E16D-4F0C-8C0F-7B8638A3C91C} = {A0CBF435-DB47-4743-B84F-5BF18CFDBE71}
		{7ABF98C7-070F-422A-8558-4BD0CAE0AD2B} = {89DFAAFC-DD72-486F-8F3C-667E0FD59463}
		{13495B15-9B8A-4925-8604-F3281D0602CD} = {89DFAAFC-DD72-486F-8F3C-667E0FD59463}
		{42E73B46-052C-4DD6-B538-ED01B001161A} = {988F560E-2992-4C63-848F-1BEA14EB3B63}
		{8DB12195-FAFF-499A-A1A9-815AAB03CD81} = {988F560E-2992-4C63-848F-1BEA14EB3B63}
		{A5C9A424-FCED-4B4C-BA23-E26E6DF12367} = {8DB12195-FAFF-499A-A1A9-815AAB03CD81}
		{21E2101F-AFB6-4AA7-9A88-D6FA4D8A55BF} = {988F560E-2992-4C63-848F-1BEA14EB3B63}
		{12798D1D-5F77-455F-83F6-82339507EFBB} = {21E2101F-AFB6-4AA7-9A88-D6FA4D8A55BF}
		{B8201DA0-ED14-40D0-BE56-C1E22098092A} = {89DFAAFC-DD72-486F-8F3C-667E0FD59463}
		{FEF0FE61-DC58-4108-8BFD-BEDEC1A6FDFA} = {89DFAAFC-DD72-486F-8F3C-667E0FD59463}
		{CD498378-920B-42C5-9754-E9A03BFDD6EE} = {89DFAAFC-DD72-486F-8F3C-667E0FD59463}
		{91E63650-0214-45F1-832B-8DDE4323C389} = {89DFAAFC-DD72-486F-8F3C-667E0FD59463}
	EndGlobalSection
	GlobalSection(ExtensibilityGlobals) = postSolution
		SolutionGuid = {0AE4B29B-1FE0-4B46-86DD-31660C1C8520}
	EndGlobalSection
EndGlobal
