
Microsoft Visual Studio Solution File, Format Version 12.00
# Visual Studio Version 16
VisualStudioVersion = 16.0.31205.134
MinimumVisualStudioVersion = 10.0.40219.1
Project("{2150E333-8FDC-42A3-9474-1A3956D46DE8}") = "Application", "Application", "{A0CBF435-DB47-4743-B84F-5BF18CFDBE71}"
EndProject
Project("{2150E333-8FDC-42A3-9474-1A3956D46DE8}") = "Service", "Service", "{89DFAAFC-DD72-486F-8F3C-667E0FD59463}"
EndProject
Project("{2150E333-8FDC-42A3-9474-1A3956D46DE8}") = "ThirdParty", "ThirdParty", "{A0D9966D-508A-4014-BD4E-248729F40B37}"
EndProject
Project("{9A19103F-16F7-4668-BE54-9A1E7A4F7556}") = "GameBaseServer", "Application\GameBaseServer\GameBaseServer.csproj", "{60B394FF-E16D-4F0C-8C0F-7B8638A3C91C}"
EndProject
Project("{9A19103F-16F7-4668-BE54-9A1E7A4F7556}") = "Service.Net", "Service\Service.Net\Service.Net.csproj", "{7ABF98C7-070F-422A-8558-4BD0CAE0AD2B}"
EndProject
Project("{9A19103F-16F7-4668-BE54-9A1E7A4F7556}") = "Service.Core", "Service\Service.Core\Service.Core.csproj", "{13495B15-9B8A-4925-8604-F3281D0602CD}"
EndProject
Project("{2150E333-8FDC-42A3-9474-1A3956D46DE8}") = "Template", "Template", "{988F560E-2992-4C63-848F-1BEA14EB3B63}"
EndProject
Project("{2150E333-8FDC-42A3-9474-1A3956D46DE8}") = "Account", "Account", "{8DB12195-FAFF-499A-A1A9-815AAB03CD81}"
EndProject
Project("{9A19103F-16F7-4668-BE54-9A1E7A4F7556}") = "GameBaseAccount", "Template\Account\GameBaseAccount\GameBaseAccount.csproj", "{A5C9A424-FCED-4B4C-BA23-E26E6DF12367}"
EndProject
Project("{9A19103F-16F7-4668-BE54-9A1E7A4F7556}") = "Service.Net.Game", "Service\Service.Net.Game\Service.Net.Game.csproj", "{B8201DA0-ED14-40D0-BE56-C1E22098092A}"
EndProject
Project("{9A19103F-16F7-4668-BE54-9A1E7A4F7556}") = "Service.Net.Login", "Service\Service.Net.Login\Service.Net.Login.csproj", "{FEF0FE61-DC58-4108-8BFD-BEDEC1A6FDFA}"
EndProject
Project("{9A19103F-16F7-4668-BE54-9A1E7A4F7556}") = "Service.Net.Master", "Service\Service.Net.Master\Service.Net.Master.csproj", "{CD498378-920B-42C5-9754-E9A03BFDD6EE}"
EndProject
Project("{9A19103F-16F7-4668-BE54-9A1E7A4F7556}") = "Service.DB", "Service\Service.DB\Service.DB.csproj", "{91E63650-0214-45F1-832B-8DDE4323C389}"
EndProject
Project("{2150E333-8FDC-42A3-9474-1A3956D46DE8}") = "Admin", "Admin", "{EE098F5B-C597-43DB-93A5-1A9A153158AF}"
EndProject
Project("{2150E333-8FDC-42A3-9474-1A3956D46DE8}") = "Advert", "Advert", "{3E4EC926-A227-46CC-95E9-9164D59588D6}"
EndProject
Project("{2150E333-8FDC-42A3-9474-1A3956D46DE8}") = "Attendance", "Attendance", "{7D483FE4-9026-475E-A1CA-845DA488C094}"
EndProject
Project("{2150E333-8FDC-42A3-9474-1A3956D46DE8}") = "Auction", "Auction", "{B9438CA0-7C1B-4A64-B9E7-1FE4862942D2}"
	ProjectSection(SolutionItems) = preProject
		Template\Advert\GameBaseAdvert\infrastructure-config.json = Template\Advert\GameBaseAdvert\infrastructure-config.json
	EndProjectSection
EndProject
Project("{2150E333-8FDC-42A3-9474-1A3956D46DE8}") = "Battle", "Battle", "{47E99640-5D27-4215-B24A-83B668164B48}"
EndProject
Project("{2150E333-8FDC-42A3-9474-1A3956D46DE8}") = "Building", "Building", "{2B805A99-A973-43D8-8675-602464DC7F6E}"
EndProject
Project("{2150E333-8FDC-42A3-9474-1A3956D46DE8}") = "Character", "Character", "{14E5B764-DB27-4BF2-8DD0-E9965440C49A}"
EndProject
Project("{2150E333-8FDC-42A3-9474-1A3956D46DE8}") = "Item", "Item", "{380CC0D9-108E-4B10-AE12-E6725E3D13FC}"
EndProject
Project("{2150E333-8FDC-42A3-9474-1A3956D46DE8}") = "MailBox", "MailBox", "{9E0A8E58-5896-489B-BC9F-4B3B32B99A49}"
EndProject
Project("{2150E333-8FDC-42A3-9474-1A3956D46DE8}") = "Matching", "Matching", "{4A84545A-E517-4365-95D3-6375A149F177}"
EndProject
Project("{2150E333-8FDC-42A3-9474-1A3956D46DE8}") = "Notice", "Notice", "{BAF9687F-48BB-4FA1-84A2-103912CD9900}"
EndProject
Project("{2150E333-8FDC-42A3-9474-1A3956D46DE8}") = "Quest", "Quest", "{45E620DF-F0C4-4FFB-91E1-22E5701875F8}"
EndProject
Project("{2150E333-8FDC-42A3-9474-1A3956D46DE8}") = "Rank", "Rank", "{444ACF2C-D63F-4503-A5B9-892E80177750}"
EndProject
Project("{2150E333-8FDC-42A3-9474-1A3956D46DE8}") = "Report", "Report", "{1E24FBF4-620D-4BD0-A171-FDA8EF9B9E82}"
EndProject
Project("{2150E333-8FDC-42A3-9474-1A3956D46DE8}") = "Season", "Season", "{C016FF59-97CC-452C-B46A-FF4118E66328}"
EndProject
Project("{2150E333-8FDC-42A3-9474-1A3956D46DE8}") = "Shop", "Shop", "{69333AA1-BD1C-4274-A630-86AE5E30D017}"
EndProject
Project("{2150E333-8FDC-42A3-9474-1A3956D46DE8}") = "User", "User", "{ADFF14DD-84A3-4515-9F9B-FDE97CDD2211}"
EndProject
Project("{9A19103F-16F7-4668-BE54-9A1E7A4F7556}") = "GameBaseAdvert", "Template\Advert\GameBaseAdvert\GameBaseAdvert.csproj", "{1007997F-B131-470C-80FB-1A038CA87CAE}"
EndProject
Project("{9A19103F-16F7-4668-BE54-9A1E7A4F7556}") = "GameBaseAttendance", "Template\Attendance\GameBaseAttendance\GameBaseAttendance.csproj", "{3E125CB7-F983-4E83-91CD-36A5309DCD63}"
EndProject
Project("{9A19103F-16F7-4668-BE54-9A1E7A4F7556}") = "GameBaseAuction", "Template\Auction\GameBaseAuction\GameBaseAuction.csproj", "{F7AB3578-3D5C-4B4F-A17E-3823C121E940}"
EndProject
Project("{9A19103F-16F7-4668-BE54-9A1E7A4F7556}") = "GameBaseBattle", "Template\Battle\GameBaseBattle\GameBaseBattle.csproj", "{AA84DC28-6C1F-4F0A-ABB0-845139319778}"
EndProject
Project("{9A19103F-16F7-4668-BE54-9A1E7A4F7556}") = "GameBaseBuilding", "Template\Building\GameBaseBuilding\GameBaseBuilding.csproj", "{200CA90C-4870-4F06-8187-C360C926CEEB}"
EndProject
Project("{9A19103F-16F7-4668-BE54-9A1E7A4F7556}") = "GameBaseCharacter", "Template\Character\GameBaseCharacter\GameBaseCharacter.csproj", "{9431EADF-E134-4282-B3A4-FC7111BE7FAB}"
EndProject
Project("{9A19103F-16F7-4668-BE54-9A1E7A4F7556}") = "GameBaseItem", "Template\Item\GameBaseItem\GameBaseItem.csproj", "{F5C54E4B-6A84-425E-96C4-7CEC817CCBB9}"
EndProject
Project("{9A19103F-16F7-4668-BE54-9A1E7A4F7556}") = "GameBaseMailBox", "Template\MailBox\GameBaseMailBox\GameBaseMailBox.csproj", "{40ACDF1A-92F0-42FE-B51F-871CD8609D88}"
EndProject
Project("{9A19103F-16F7-4668-BE54-9A1E7A4F7556}") = "GameBaseMatching", "Template\Matching\GameBaseMatching\GameBaseMatching.csproj", "{072CE207-E245-44BB-A0D7-7DEB8FF0AB84}"
EndProject
Project("{9A19103F-16F7-4668-BE54-9A1E7A4F7556}") = "GameBaseNotice", "Template\Notice\GameBaseNotice\GameBaseNotice.csproj", "{90724D62-5CAE-49E3-920B-BB21F7944CBE}"
EndProject
Project("{9A19103F-16F7-4668-BE54-9A1E7A4F7556}") = "GameBaseQuest", "Template\Quest\GameBaseQuest\GameBaseQuest.csproj", "{6048461A-AB9E-40F7-914C-42E37A501270}"
EndProject
Project("{9A19103F-16F7-4668-BE54-9A1E7A4F7556}") = "GameBaseRank", "Template\Rank\GameBaseRank\GameBaseRank.csproj", "{723833A2-C494-446C-9EF0-7819115F5B78}"
EndProject
Project("{9A19103F-16F7-4668-BE54-9A1E7A4F7556}") = "GameBaseReport", "Template\Report\GameBaseReport\GameBaseReport.csproj", "{BA3A92D3-F14E-43C4-A239-4E4CDDF07D68}"
EndProject
Project("{9A19103F-16F7-4668-BE54-9A1E7A4F7556}") = "GameBaseSeason", "Template\Season\GameBaseSeason\GameBaseSeason.csproj", "{EC502CB5-1E33-4813-9525-6515D31F30DD}"
EndProject
Project("{9A19103F-16F7-4668-BE54-9A1E7A4F7556}") = "GameBaseShop", "Template\Shop\GameBaseShop\GameBaseShop.csproj", "{19A48934-75BB-4D8C-B675-9898959A0416}"
EndProject
Project("{9A19103F-16F7-4668-BE54-9A1E7A4F7556}") = "GameBaseUser", "Template\User\GameBaseUser\GameBaseUser.csproj", "{E867D9EC-42E6-4712-9210-674F1BF4E26D}"
EndProject
Project("{9A19103F-16F7-4668-BE54-9A1E7A4F7556}") = "GameBaseAdmin", "Template\Admin\GameBaseAdmin\GameBaseAdmin.csproj", "{CCC06A5D-D7CC-43CF-BE51-6950007D9F07}"
EndProject
Project("{9A19103F-16F7-4668-BE54-9A1E7A4F7556}") = "GameBase", "Template\GameBase\GameBase.csproj", "{DB2A9233-D647-4C19-85E0-16BC0BD5DEF2}"
EndProject
Project("{9A19103F-16F7-4668-BE54-9A1E7A4F7556}") = "LoginServer", "Application\LoginServer\LoginServer.csproj", "{CBC0D5A1-8B2E-45D5-8FA1-F3A2451D8BD3}"
EndProject
Global
	GlobalSection(SolutionConfigurationPlatforms) = preSolution
		Debug|Any CPU = Debug|Any CPU
		Release|Any CPU = Release|Any CPU
	EndGlobalSection
	GlobalSection(ProjectConfigurationPlatforms) = postSolution
		{60B394FF-E16D-4F0C-8C0F-7B8638A3C91C}.Debug|Any CPU.ActiveCfg = Debug|Any CPU
		{60B394FF-E16D-4F0C-8C0F-7B8638A3C91C}.Debug|Any CPU.Build.0 = Debug|Any CPU
		{60B394FF-E16D-4F0C-8C0F-7B8638A3C91C}.Release|Any CPU.ActiveCfg = Release|Any CPU
		{60B394FF-E16D-4F0C-8C0F-7B8638A3C91C}.Release|Any CPU.Build.0 = Release|Any CPU
		{7ABF98C7-070F-422A-8558-4BD0CAE0AD2B}.Debug|Any CPU.ActiveCfg = Debug|Any CPU
		{7ABF98C7-070F-422A-8558-4BD0CAE0AD2B}.Debug|Any CPU.Build.0 = Debug|Any CPU
		{7ABF98C7-070F-422A-8558-4BD0CAE0AD2B}.Release|Any CPU.ActiveCfg = Release|Any CPU
		{7ABF98C7-070F-422A-8558-4BD0CAE0AD2B}.Release|Any CPU.Build.0 = Release|Any CPU
		{13495B15-9B8A-4925-8604-F3281D0602CD}.Debug|Any CPU.ActiveCfg = Debug|Any CPU
		{13495B15-9B8A-4925-8604-F3281D0602CD}.Debug|Any CPU.Build.0 = Debug|Any CPU
		{13495B15-9B8A-4925-8604-F3281D0602CD}.Release|Any CPU.ActiveCfg = Release|Any CPU
		{13495B15-9B8A-4925-8604-F3281D0602CD}.Release|Any CPU.Build.0 = Release|Any CPU
		{A5C9A424-FCED-4B4C-BA23-E26E6DF12367}.Debug|Any CPU.ActiveCfg = Debug|Any CPU
		{A5C9A424-FCED-4B4C-BA23-E26E6DF12367}.Debug|Any CPU.Build.0 = Debug|Any CPU
		{A5C9A424-FCED-4B4C-BA23-E26E6DF12367}.Release|Any CPU.ActiveCfg = Release|Any CPU
		{A5C9A424-FCED-4B4C-BA23-E26E6DF12367}.Release|Any CPU.Build.0 = Release|Any CPU
		{B8201DA0-ED14-40D0-BE56-C1E22098092A}.Debug|Any CPU.ActiveCfg = Debug|Any CPU
		{B8201DA0-ED14-40D0-BE56-C1E22098092A}.Debug|Any CPU.Build.0 = Debug|Any CPU
		{B8201DA0-ED14-40D0-BE56-C1E22098092A}.Release|Any CPU.ActiveCfg = Release|Any CPU
		{B8201DA0-ED14-40D0-BE56-C1E22098092A}.Release|Any CPU.Build.0 = Release|Any CPU
		{FEF0FE61-DC58-4108-8BFD-BEDEC1A6FDFA}.Debug|Any CPU.ActiveCfg = Debug|Any CPU
		{FEF0FE61-DC58-4108-8BFD-BEDEC1A6FDFA}.Debug|Any CPU.Build.0 = Debug|Any CPU
		{FEF0FE61-DC58-4108-8BFD-BEDEC1A6FDFA}.Release|Any CPU.ActiveCfg = Release|Any CPU
		{FEF0FE61-DC58-4108-8BFD-BEDEC1A6FDFA}.Release|Any CPU.Build.0 = Release|Any CPU
		{CD498378-920B-42C5-9754-E9A03BFDD6EE}.Debug|Any CPU.ActiveCfg = Debug|Any CPU
		{CD498378-920B-42C5-9754-E9A03BFDD6EE}.Debug|Any CPU.Build.0 = Debug|Any CPU
		{CD498378-920B-42C5-9754-E9A03BFDD6EE}.Release|Any CPU.ActiveCfg = Release|Any CPU
		{CD498378-920B-42C5-9754-E9A03BFDD6EE}.Release|Any CPU.Build.0 = Release|Any CPU
		{91E63650-0214-45F1-832B-8DDE4323C389}.Debug|Any CPU.ActiveCfg = Debug|Any CPU
		{91E63650-0214-45F1-832B-8DDE4323C389}.Debug|Any CPU.Build.0 = Debug|Any CPU
		{91E63650-0214-45F1-832B-8DDE4323C389}.Release|Any CPU.ActiveCfg = Release|Any CPU
		{91E63650-0214-45F1-832B-8DDE4323C389}.Release|Any CPU.Build.0 = Release|Any CPU
		{1007997F-B131-470C-80FB-1A038CA87CAE}.Debug|Any CPU.ActiveCfg = Debug|Any CPU
		{1007997F-B131-470C-80FB-1A038CA87CAE}.Debug|Any CPU.Build.0 = Debug|Any CPU
		{1007997F-B131-470C-80FB-1A038CA87CAE}.Release|Any CPU.ActiveCfg = Release|Any CPU
		{1007997F-B131-470C-80FB-1A038CA87CAE}.Release|Any CPU.Build.0 = Release|Any CPU
		{3E125CB7-F983-4E83-91CD-36A5309DCD63}.Debug|Any CPU.ActiveCfg = Debug|Any CPU
		{3E125CB7-F983-4E83-91CD-36A5309DCD63}.Debug|Any CPU.Build.0 = Debug|Any CPU
		{3E125CB7-F983-4E83-91CD-36A5309DCD63}.Release|Any CPU.ActiveCfg = Release|Any CPU
		{3E125CB7-F983-4E83-91CD-36A5309DCD63}.Release|Any CPU.Build.0 = Release|Any CPU
		{F7AB3578-3D5C-4B4F-A17E-3823C121E940}.Debug|Any CPU.ActiveCfg = Debug|Any CPU
		{F7AB3578-3D5C-4B4F-A17E-3823C121E940}.Debug|Any CPU.Build.0 = Debug|Any CPU
		{F7AB3578-3D5C-4B4F-A17E-3823C121E940}.Release|Any CPU.ActiveCfg = Release|Any CPU
		{F7AB3578-3D5C-4B4F-A17E-3823C121E940}.Release|Any CPU.Build.0 = Release|Any CPU
		{AA84DC28-6C1F-4F0A-ABB0-845139319778}.Debug|Any CPU.ActiveCfg = Debug|Any CPU
		{AA84DC28-6C1F-4F0A-ABB0-845139319778}.Debug|Any CPU.Build.0 = Debug|Any CPU
		{AA84DC28-6C1F-4F0A-ABB0-845139319778}.Release|Any CPU.ActiveCfg = Release|Any CPU
		{AA84DC28-6C1F-4F0A-ABB0-845139319778}.Release|Any CPU.Build.0 = Release|Any CPU
		{200CA90C-4870-4F06-8187-C360C926CEEB}.Debug|Any CPU.ActiveCfg = Debug|Any CPU
		{200CA90C-4870-4F06-8187-C360C926CEEB}.Debug|Any CPU.Build.0 = Debug|Any CPU
		{200CA90C-4870-4F06-8187-C360C926CEEB}.Release|Any CPU.ActiveCfg = Release|Any CPU
		{200CA90C-4870-4F06-8187-C360C926CEEB}.Release|Any CPU.Build.0 = Release|Any CPU
		{9431EADF-E134-4282-B3A4-FC7111BE7FAB}.Debug|Any CPU.ActiveCfg = Debug|Any CPU
		{9431EADF-E134-4282-B3A4-FC7111BE7FAB}.Debug|Any CPU.Build.0 = Debug|Any CPU
		{9431EADF-E134-4282-B3A4-FC7111BE7FAB}.Release|Any CPU.ActiveCfg = Release|Any CPU
		{9431EADF-E134-4282-B3A4-FC7111BE7FAB}.Release|Any CPU.Build.0 = Release|Any CPU
		{F5C54E4B-6A84-425E-96C4-7CEC817CCBB9}.Debug|Any CPU.ActiveCfg = Debug|Any CPU
		{F5C54E4B-6A84-425E-96C4-7CEC817CCBB9}.Debug|Any CPU.Build.0 = Debug|Any CPU
		{F5C54E4B-6A84-425E-96C4-7CEC817CCBB9}.Release|Any CPU.ActiveCfg = Release|Any CPU
		{F5C54E4B-6A84-425E-96C4-7CEC817CCBB9}.Release|Any CPU.Build.0 = Release|Any CPU
		{40ACDF1A-92F0-42FE-B51F-871CD8609D88}.Debug|Any CPU.ActiveCfg = Debug|Any CPU
		{40ACDF1A-92F0-42FE-B51F-871CD8609D88}.Debug|Any CPU.Build.0 = Debug|Any CPU
		{40ACDF1A-92F0-42FE-B51F-871CD8609D88}.Release|Any CPU.ActiveCfg = Release|Any CPU
		{40ACDF1A-92F0-42FE-B51F-871CD8609D88}.Release|Any CPU.Build.0 = Release|Any CPU
		{072CE207-E245-44BB-A0D7-7DEB8FF0AB84}.Debug|Any CPU.ActiveCfg = Debug|Any CPU
		{072CE207-E245-44BB-A0D7-7DEB8FF0AB84}.Debug|Any CPU.Build.0 = Debug|Any CPU
		{072CE207-E245-44BB-A0D7-7DEB8FF0AB84}.Release|Any CPU.ActiveCfg = Release|Any CPU
		{072CE207-E245-44BB-A0D7-7DEB8FF0AB84}.Release|Any CPU.Build.0 = Release|Any CPU
		{90724D62-5CAE-49E3-920B-BB21F7944CBE}.Debug|Any CPU.ActiveCfg = Debug|Any CPU
		{90724D62-5CAE-49E3-920B-BB21F7944CBE}.Debug|Any CPU.Build.0 = Debug|Any CPU
		{90724D62-5CAE-49E3-920B-BB21F7944CBE}.Release|Any CPU.ActiveCfg = Release|Any CPU
		{90724D62-5CAE-49E3-920B-BB21F7944CBE}.Release|Any CPU.Build.0 = Release|Any CPU
		{6048461A-AB9E-40F7-914C-42E37A501270}.Debug|Any CPU.ActiveCfg = Debug|Any CPU
		{6048461A-AB9E-40F7-914C-42E37A501270}.Debug|Any CPU.Build.0 = Debug|Any CPU
		{6048461A-AB9E-40F7-914C-42E37A501270}.Release|Any CPU.ActiveCfg = Release|Any CPU
		{6048461A-AB9E-40F7-914C-42E37A501270}.Release|Any CPU.Build.0 = Release|Any CPU
		{723833A2-C494-446C-9EF0-7819115F5B78}.Debug|Any CPU.ActiveCfg = Debug|Any CPU
		{723833A2-C494-446C-9EF0-7819115F5B78}.Debug|Any CPU.Build.0 = Debug|Any CPU
		{723833A2-C494-446C-9EF0-7819115F5B78}.Release|Any CPU.ActiveCfg = Release|Any CPU
		{723833A2-C494-446C-9EF0-7819115F5B78}.Release|Any CPU.Build.0 = Release|Any CPU
		{BA3A92D3-F14E-43C4-A239-4E4CDDF07D68}.Debug|Any CPU.ActiveCfg = Debug|Any CPU
		{BA3A92D3-F14E-43C4-A239-4E4CDDF07D68}.Debug|Any CPU.Build.0 = Debug|Any CPU
		{BA3A92D3-F14E-43C4-A239-4E4CDDF07D68}.Release|Any CPU.ActiveCfg = Release|Any CPU
		{BA3A92D3-F14E-43C4-A239-4E4CDDF07D68}.Release|Any CPU.Build.0 = Release|Any CPU
		{EC502CB5-1E33-4813-9525-6515D31F30DD}.Debug|Any CPU.ActiveCfg = Debug|Any CPU
		{EC502CB5-1E33-4813-9525-6515D31F30DD}.Debug|Any CPU.Build.0 = Debug|Any CPU
		{EC502CB5-1E33-4813-9525-6515D31F30DD}.Release|Any CPU.ActiveCfg = Release|Any CPU
		{EC502CB5-1E33-4813-9525-6515D31F30DD}.Release|Any CPU.Build.0 = Release|Any CPU
		{19A48934-75BB-4D8C-B675-9898959A0416}.Debug|Any CPU.ActiveCfg = Debug|Any CPU
		{19A48934-75BB-4D8C-B675-9898959A0416}.Debug|Any CPU.Build.0 = Debug|Any CPU
		{19A48934-75BB-4D8C-B675-9898959A0416}.Release|Any CPU.ActiveCfg = Release|Any CPU
		{19A48934-75BB-4D8C-B675-9898959A0416}.Release|Any CPU.Build.0 = Release|Any CPU
		{E867D9EC-42E6-4712-9210-674F1BF4E26D}.Debug|Any CPU.ActiveCfg = Debug|Any CPU
		{E867D9EC-42E6-4712-9210-674F1BF4E26D}.Debug|Any CPU.Build.0 = Debug|Any CPU
		{E867D9EC-42E6-4712-9210-674F1BF4E26D}.Release|Any CPU.ActiveCfg = Release|Any CPU
		{E867D9EC-42E6-4712-9210-674F1BF4E26D}.Release|Any CPU.Build.0 = Release|Any CPU
		{CCC06A5D-D7CC-43CF-BE51-6950007D9F07}.Debug|Any CPU.ActiveCfg = Debug|Any CPU
		{CCC06A5D-D7CC-43CF-BE51-6950007D9F07}.Debug|Any CPU.Build.0 = Debug|Any CPU
		{CCC06A5D-D7CC-43CF-BE51-6950007D9F07}.Release|Any CPU.ActiveCfg = Release|Any CPU
		{CCC06A5D-D7CC-43CF-BE51-6950007D9F07}.Release|Any CPU.Build.0 = Release|Any CPU
		{DB2A9233-D647-4C19-85E0-16BC0BD5DEF2}.Debug|Any CPU.ActiveCfg = Debug|Any CPU
		{DB2A9233-D647-4C19-85E0-16BC0BD5DEF2}.Debug|Any CPU.Build.0 = Debug|Any CPU
		{DB2A9233-D647-4C19-85E0-16BC0BD5DEF2}.Release|Any CPU.ActiveCfg = Release|Any CPU
		{DB2A9233-D647-4C19-85E0-16BC0BD5DEF2}.Release|Any CPU.Build.0 = Release|Any CPU
		{CBC0D5A1-8B2E-45D5-8FA1-F3A2451D8BD3}.Debug|Any CPU.ActiveCfg = Debug|Any CPU
		{CBC0D5A1-8B2E-45D5-8FA1-F3A2451D8BD3}.Debug|Any CPU.Build.0 = Debug|Any CPU
		{CBC0D5A1-8B2E-45D5-8FA1-F3A2451D8BD3}.Release|Any CPU.ActiveCfg = Release|Any CPU
		{CBC0D5A1-8B2E-45D5-8FA1-F3A2451D8BD3}.Release|Any CPU.Build.0 = Release|Any CPU
	EndGlobalSection
	GlobalSection(SolutionProperties) = preSolution
		HideSolutionNode = FALSE
	EndGlobalSection
	GlobalSection(NestedProjects) = preSolution
		{60B394FF-E16D-4F0C-8C0F-7B8638A3C91C} = {A0CBF435-DB47-4743-B84F-5BF18CFDBE71}
		{7ABF98C7-070F-422A-8558-4BD0CAE0AD2B} = {89DFAAFC-DD72-486F-8F3C-667E0FD59463}
		{13495B15-9B8A-4925-8604-F3281D0602CD} = {89DFAAFC-DD72-486F-8F3C-667E0FD59463}
		{8DB12195-FAFF-499A-A1A9-815AAB03CD81} = {988F560E-2992-4C63-848F-1BEA14EB3B63}
		{A5C9A424-FCED-4B4C-BA23-E26E6DF12367} = {8DB12195-FAFF-499A-A1A9-815AAB03CD81}
		{B8201DA0-ED14-40D0-BE56-C1E22098092A} = {89DFAAFC-DD72-486F-8F3C-667E0FD59463}
		{FEF0FE61-DC58-4108-8BFD-BEDEC1A6FDFA} = {89DFAAFC-DD72-486F-8F3C-667E0FD59463}
		{CD498378-920B-42C5-9754-E9A03BFDD6EE} = {89DFAAFC-DD72-486F-8F3C-667E0FD59463}
		{91E63650-0214-45F1-832B-8DDE4323C389} = {89DFAAFC-DD72-486F-8F3C-667E0FD59463}
		{EE098F5B-C597-43DB-93A5-1A9A153158AF} = {988F560E-2992-4C63-848F-1BEA14EB3B63}
		{3E4EC926-A227-46CC-95E9-9164D59588D6} = {988F560E-2992-4C63-848F-1BEA14EB3B63}
		{7D483FE4-9026-475E-A1CA-845DA488C094} = {988F560E-2992-4C63-848F-1BEA14EB3B63}
		{B9438CA0-7C1B-4A64-B9E7-1FE4862942D2} = {988F560E-2992-4C63-848F-1BEA14EB3B63}
		{47E99640-5D27-4215-B24A-83B668164B48} = {988F560E-2992-4C63-848F-1BEA14EB3B63}
		{2B805A99-A973-43D8-8675-602464DC7F6E} = {988F560E-2992-4C63-848F-1BEA14EB3B63}
		{14E5B764-DB27-4BF2-8DD0-E9965440C49A} = {988F560E-2992-4C63-848F-1BEA14EB3B63}
		{380CC0D9-108E-4B10-AE12-E6725E3D13FC} = {988F560E-2992-4C63-848F-1BEA14EB3B63}
		{9E0A8E58-5896-489B-BC9F-4B3B32B99A49} = {988F560E-2992-4C63-848F-1BEA14EB3B63}
		{4A84545A-E517-4365-95D3-6375A149F177} = {988F560E-2992-4C63-848F-1BEA14EB3B63}
		{BAF9687F-48BB-4FA1-84A2-103912CD9900} = {988F560E-2992-4C63-848F-1BEA14EB3B63}
		{45E620DF-F0C4-4FFB-91E1-22E5701875F8} = {988F560E-2992-4C63-848F-1BEA14EB3B63}
		{444ACF2C-D63F-4503-A5B9-892E80177750} = {988F560E-2992-4C63-848F-1BEA14EB3B63}
		{1E24FBF4-620D-4BD0-A171-FDA8EF9B9E82} = {988F560E-2992-4C63-848F-1BEA14EB3B63}
		{C016FF59-97CC-452C-B46A-FF4118E66328} = {988F560E-2992-4C63-848F-1BEA14EB3B63}
		{69333AA1-BD1C-4274-A630-86AE5E30D017} = {988F560E-2992-4C63-848F-1BEA14EB3B63}
		{ADFF14DD-84A3-4515-9F9B-FDE97CDD2211} = {988F560E-2992-4C63-848F-1BEA14EB3B63}
		{1007997F-B131-470C-80FB-1A038CA87CAE} = {3E4EC926-A227-46CC-95E9-9164D59588D6}
		{3E125CB7-F983-4E83-91CD-36A5309DCD63} = {7D483FE4-9026-475E-A1CA-845DA488C094}
		{F7AB3578-3D5C-4B4F-A17E-3823C121E940} = {B9438CA0-7C1B-4A64-B9E7-1FE4862942D2}
		{AA84DC28-6C1F-4F0A-ABB0-845139319778} = {47E99640-5D27-4215-B24A-83B668164B48}
		{200CA90C-4870-4F06-8187-C360C926CEEB} = {2B805A99-A973-43D8-8675-602464DC7F6E}
		{9431EADF-E134-4282-B3A4-FC7111BE7FAB} = {14E5B764-DB27-4BF2-8DD0-E9965440C49A}
		{F5C54E4B-6A84-425E-96C4-7CEC817CCBB9} = {380CC0D9-108E-4B10-AE12-E6725E3D13FC}
		{40ACDF1A-92F0-42FE-B51F-871CD8609D88} = {9E0A8E58-5896-489B-BC9F-4B3B32B99A49}
		{072CE207-E245-44BB-A0D7-7DEB8FF0AB84} = {4A84545A-E517-4365-95D3-6375A149F177}
		{90724D62-5CAE-49E3-920B-BB21F7944CBE} = {BAF9687F-48BB-4FA1-84A2-103912CD9900}
		{6048461A-AB9E-40F7-914C-42E37A501270} = {45E620DF-F0C4-4FFB-91E1-22E5701875F8}
		{723833A2-C494-446C-9EF0-7819115F5B78} = {444ACF2C-D63F-4503-A5B9-892E80177750}
		{BA3A92D3-F14E-43C4-A239-4E4CDDF07D68} = {1E24FBF4-620D-4BD0-A171-FDA8EF9B9E82}
		{EC502CB5-1E33-4813-9525-6515D31F30DD} = {C016FF59-97CC-452C-B46A-FF4118E66328}
		{19A48934-75BB-4D8C-B675-9898959A0416} = {69333AA1-BD1C-4274-A630-86AE5E30D017}
		{E867D9EC-42E6-4712-9210-674F1BF4E26D} = {ADFF14DD-84A3-4515-9F9B-FDE97CDD2211}
		{CCC06A5D-D7CC-43CF-BE51-6950007D9F07} = {EE098F5B-C597-43DB-93A5-1A9A153158AF}
		{DB2A9233-D647-4C19-85E0-16BC0BD5DEF2} = {988F560E-2992-4C63-848F-1BEA14EB3B63}
		{CBC0D5A1-8B2E-45D5-8FA1-F3A2451D8BD3} = {A0CBF435-DB47-4743-B84F-5BF18CFDBE71}
	EndGlobalSection
	GlobalSection(ExtensibilityGlobals) = postSolution
		SolutionGuid = {0AE4B29B-1FE0-4B46-86DD-31660C1C8520}
	EndGlobalSection
EndGlobal
